// !$*UTF8*$!
{
	archiveVersion = 1;
	classes = {
	};
	objectVersion = 52;
	objects = {

/* Begin PBXBuildFile section */
		5E064EBD2728538900508B96 /* ColorsModel.swift in Sources */ = {isa = PBXBuildFile; fileRef = 5E064EBC2728538900508B96 /* ColorsModel.swift */; };
		5E42059E2720F90300D7BCEF /* ColorsView.swift in Sources */ = {isa = PBXBuildFile; fileRef = 5E42059D2720F90300D7BCEF /* ColorsView.swift */; };
		5E56980D2723191600319A72 /* Plani_DS in Frameworks */ = {isa = PBXBuildFile; productRef = 5E56980C2723191600319A72 /* Plani_DS */; };
		F138604A271EF6FB00C8E096 /* RadiusView.swift in Sources */ = {isa = PBXBuildFile; fileRef = F1386049271EF6FB00C8E096 /* RadiusView.swift */; };
		F138607A2731F91500C8E096 /* Sections.swift in Sources */ = {isa = PBXBuildFile; fileRef = F13860792731F91500C8E096 /* Sections.swift */; };
		F138607D2731F9BB00C8E096 /* SectionType.swift in Sources */ = {isa = PBXBuildFile; fileRef = F138607C2731F9BB00C8E096 /* SectionType.swift */; };
		F138607F2732020000C8E096 /* TokensSection.swift in Sources */ = {isa = PBXBuildFile; fileRef = F138607E2732020000C8E096 /* TokensSection.swift */; };
		F13860812732023E00C8E096 /* OverlaysSection.swift in Sources */ = {isa = PBXBuildFile; fileRef = F13860802732023E00C8E096 /* OverlaysSection.swift */; };
		F1386085273206C300C8E096 /* ButtonsSection.swift in Sources */ = {isa = PBXBuildFile; fileRef = F1386084273206C200C8E096 /* ButtonsSection.swift */; };
		F1386088273208C500C8E096 /* ButtonPrimaryExample.swift in Sources */ = {isa = PBXBuildFile; fileRef = F1386087273208C500C8E096 /* ButtonPrimaryExample.swift */; };
		F1895F6227171999002841A7 /* ExampleApp.swift in Sources */ = {isa = PBXBuildFile; fileRef = F1895F6127171999002841A7 /* ExampleApp.swift */; };
		F1895F6427171999002841A7 /* ContentView.swift in Sources */ = {isa = PBXBuildFile; fileRef = F1895F6327171999002841A7 /* ContentView.swift */; };
		F1895F662717199C002841A7 /* Assets.xcassets in Resources */ = {isa = PBXBuildFile; fileRef = F1895F652717199C002841A7 /* Assets.xcassets */; };
		F1895F692717199C002841A7 /* Preview Assets.xcassets in Resources */ = {isa = PBXBuildFile; fileRef = F1895F682717199C002841A7 /* Preview Assets.xcassets */; };
		F1895F7227171BD3002841A7 /* Plani_DS in Frameworks */ = {isa = PBXBuildFile; productRef = F1895F7127171BD3002841A7 /* Plani_DS */; };
		F1895F75271724DD002841A7 /* ComponentRow.swift in Sources */ = {isa = PBXBuildFile; fileRef = F1895F74271724DD002841A7 /* ComponentRow.swift */; };
		F1895F7827185F08002841A7 /* Components.swift in Sources */ = {isa = PBXBuildFile; fileRef = F1895F7727185F08002841A7 /* Components.swift */; };
		F1895F7A271861F6002841A7 /* ListHeader.swift in Sources */ = {isa = PBXBuildFile; fileRef = F1895F79271861F6002841A7 /* ListHeader.swift */; };
		F1895F8227187007002841A7 /* SpacingView.swift in Sources */ = {isa = PBXBuildFile; fileRef = F1895F8127187007002841A7 /* SpacingView.swift */; };
/* End PBXBuildFile section */

/* Begin PBXFileReference section */
		5E064EBC2728538900508B96 /* ColorsModel.swift */ = {isa = PBXFileReference; lastKnownFileType = sourcecode.swift; path = ColorsModel.swift; sourceTree = "<group>"; };
		5E42059D2720F90300D7BCEF /* ColorsView.swift */ = {isa = PBXFileReference; lastKnownFileType = sourcecode.swift; path = ColorsView.swift; sourceTree = "<group>"; };
		F1386049271EF6FB00C8E096 /* RadiusView.swift */ = {isa = PBXFileReference; lastKnownFileType = sourcecode.swift; path = RadiusView.swift; sourceTree = "<group>"; };
		F13860792731F91500C8E096 /* Sections.swift */ = {isa = PBXFileReference; lastKnownFileType = sourcecode.swift; path = Sections.swift; sourceTree = "<group>"; };
		F138607C2731F9BB00C8E096 /* SectionType.swift */ = {isa = PBXFileReference; lastKnownFileType = sourcecode.swift; path = SectionType.swift; sourceTree = "<group>"; };
		F138607E2732020000C8E096 /* TokensSection.swift */ = {isa = PBXFileReference; lastKnownFileType = sourcecode.swift; path = TokensSection.swift; sourceTree = "<group>"; };
		F13860802732023E00C8E096 /* OverlaysSection.swift */ = {isa = PBXFileReference; lastKnownFileType = sourcecode.swift; path = OverlaysSection.swift; sourceTree = "<group>"; };
		F1386084273206C200C8E096 /* ButtonsSection.swift */ = {isa = PBXFileReference; lastKnownFileType = sourcecode.swift; path = ButtonsSection.swift; sourceTree = "<group>"; };
		F1386087273208C500C8E096 /* ButtonPrimaryExample.swift */ = {isa = PBXFileReference; lastKnownFileType = sourcecode.swift; path = ButtonPrimaryExample.swift; sourceTree = "<group>"; };
		F1895F5E27171999002841A7 /* Example.app */ = {isa = PBXFileReference; explicitFileType = wrapper.application; includeInIndex = 0; path = Example.app; sourceTree = BUILT_PRODUCTS_DIR; };
		F1895F6127171999002841A7 /* ExampleApp.swift */ = {isa = PBXFileReference; lastKnownFileType = sourcecode.swift; path = ExampleApp.swift; sourceTree = "<group>"; };
		F1895F6327171999002841A7 /* ContentView.swift */ = {isa = PBXFileReference; lastKnownFileType = sourcecode.swift; path = ContentView.swift; sourceTree = "<group>"; };
		F1895F652717199C002841A7 /* Assets.xcassets */ = {isa = PBXFileReference; lastKnownFileType = folder.assetcatalog; path = Assets.xcassets; sourceTree = "<group>"; };
		F1895F682717199C002841A7 /* Preview Assets.xcassets */ = {isa = PBXFileReference; lastKnownFileType = folder.assetcatalog; path = "Preview Assets.xcassets"; sourceTree = "<group>"; };
		F1895F6A2717199C002841A7 /* Info.plist */ = {isa = PBXFileReference; lastKnownFileType = text.plist.xml; path = Info.plist; sourceTree = "<group>"; };
		F1895F74271724DD002841A7 /* ComponentRow.swift */ = {isa = PBXFileReference; lastKnownFileType = sourcecode.swift; path = ComponentRow.swift; sourceTree = "<group>"; };
		F1895F7727185F08002841A7 /* Components.swift */ = {isa = PBXFileReference; lastKnownFileType = sourcecode.swift; path = Components.swift; sourceTree = "<group>"; };
		F1895F79271861F6002841A7 /* ListHeader.swift */ = {isa = PBXFileReference; lastKnownFileType = sourcecode.swift; path = ListHeader.swift; sourceTree = "<group>"; };
		F1895F8127187007002841A7 /* SpacingView.swift */ = {isa = PBXFileReference; lastKnownFileType = sourcecode.swift; path = SpacingView.swift; sourceTree = "<group>"; };
/* End PBXFileReference section */

/* Begin PBXFrameworksBuildPhase section */
		F1895F5B27171999002841A7 /* Frameworks */ = {
			isa = PBXFrameworksBuildPhase;
			buildActionMask = 2147483647;
			files = (
				5E56980D2723191600319A72 /* Plani_DS in Frameworks */,
				F1895F7227171BD3002841A7 /* Plani_DS in Frameworks */,
			);
			runOnlyForDeploymentPostprocessing = 0;
		};
/* End PBXFrameworksBuildPhase section */

/* Begin PBXGroup section */
		F138607B2731F9A500C8E096 /* Sections */ = {
			isa = PBXGroup;
			children = (
				F138607C2731F9BB00C8E096 /* SectionType.swift */,
				F138607E2732020000C8E096 /* TokensSection.swift */,
				F13860802732023E00C8E096 /* OverlaysSection.swift */,
				F13860792731F91500C8E096 /* Sections.swift */,
				F1386084273206C200C8E096 /* ButtonsSection.swift */,
			);
			path = Sections;
			sourceTree = "<group>";
		};
		F1386086273208AD00C8E096 /* Buttons */ = {
			isa = PBXGroup;
			children = (
				F1386087273208C500C8E096 /* ButtonPrimaryExample.swift */,
			);
			path = Buttons;
			sourceTree = "<group>";
		};
		F1895F5527171999002841A7 = {
			isa = PBXGroup;
			children = (
				F1895F6027171999002841A7 /* Example */,
				F1895F5F27171999002841A7 /* Products */,
				F1895F7027171BD3002841A7 /* Frameworks */,
			);
			sourceTree = "<group>";
		};
		F1895F5F27171999002841A7 /* Products */ = {
			isa = PBXGroup;
			children = (
				F1895F5E27171999002841A7 /* Example.app */,
			);
			name = Products;
			sourceTree = "<group>";
		};
		F1895F6027171999002841A7 /* Example */ = {
			isa = PBXGroup;
			children = (
				F138607B2731F9A500C8E096 /* Sections */,
				F1895F7627185EF8002841A7 /* Model */,
				F1895F73271724C5002841A7 /* View */,
				F1895F6127171999002841A7 /* ExampleApp.swift */,
				F1895F6327171999002841A7 /* ContentView.swift */,
				F1895F652717199C002841A7 /* Assets.xcassets */,
				F1895F6A2717199C002841A7 /* Info.plist */,
				F1895F672717199C002841A7 /* Preview Content */,
			);
			path = Example;
			sourceTree = "<group>";
		};
		F1895F672717199C002841A7 /* Preview Content */ = {
			isa = PBXGroup;
			children = (
				F1895F682717199C002841A7 /* Preview Assets.xcassets */,
			);
			path = "Preview Content";
			sourceTree = "<group>";
		};
		F1895F7027171BD3002841A7 /* Frameworks */ = {
			isa = PBXGroup;
			children = (
			);
			name = Frameworks;
			sourceTree = "<group>";
		};
		F1895F73271724C5002841A7 /* View */ = {
			isa = PBXGroup;
			children = (
				F1386086273208AD00C8E096 /* Buttons */,
				F1895F8027186D7F002841A7 /* Tokens */,
				F1895F74271724DD002841A7 /* ComponentRow.swift */,
				F1895F79271861F6002841A7 /* ListHeader.swift */,
			);
			path = View;
			sourceTree = "<group>";
		};
		F1895F7627185EF8002841A7 /* Model */ = {
			isa = PBXGroup;
			children = (
				F1895F7727185F08002841A7 /* Components.swift */,
				5E064EBC2728538900508B96 /* ColorsModel.swift */,
			);
			path = Model;
			sourceTree = "<group>";
		};
		F1895F8027186D7F002841A7 /* Tokens */ = {
			isa = PBXGroup;
			children = (
				F1895F8127187007002841A7 /* SpacingView.swift */,
				F1386049271EF6FB00C8E096 /* RadiusView.swift */,
				5E42059D2720F90300D7BCEF /* ColorsView.swift */,
			);
			path = Tokens;
			sourceTree = "<group>";
		};
/* End PBXGroup section */

/* Begin PBXNativeTarget section */
		F1895F5D27171999002841A7 /* Example */ = {
			isa = PBXNativeTarget;
			buildConfigurationList = F1895F6D2717199C002841A7 /* Build configuration list for PBXNativeTarget "Example" */;
			buildPhases = (
				F1895F5A27171999002841A7 /* Sources */,
				F1895F5B27171999002841A7 /* Frameworks */,
				F1895F5C27171999002841A7 /* Resources */,
			);
			buildRules = (
			);
			dependencies = (
			);
			name = Example;
			packageProductDependencies = (
				F1895F7127171BD3002841A7 /* Plani_DS */,
				5E56980C2723191600319A72 /* Plani_DS */,
			);
			productName = Example;
			productReference = F1895F5E27171999002841A7 /* Example.app */;
			productType = "com.apple.product-type.application";
		};
/* End PBXNativeTarget section */

/* Begin PBXProject section */
		F1895F5627171999002841A7 /* Project object */ = {
			isa = PBXProject;
			attributes = {
				LastSwiftUpdateCheck = 1250;
				LastUpgradeCheck = 1250;
				TargetAttributes = {
					F1895F5D27171999002841A7 = {
						CreatedOnToolsVersion = 12.5;
					};
				};
			};
			buildConfigurationList = F1895F5927171999002841A7 /* Build configuration list for PBXProject "Example" */;
			compatibilityVersion = "Xcode 9.3";
			developmentRegion = en;
			hasScannedForEncodings = 0;
			knownRegions = (
				en,
				Base,
			);
			mainGroup = F1895F5527171999002841A7;
			packageReferences = (
				5E56980B2723191600319A72 /* XCRemoteSwiftPackageReference "Plani_DS" */,
			);
			productRefGroup = F1895F5F27171999002841A7 /* Products */;
			projectDirPath = "";
			projectRoot = "";
			targets = (
				F1895F5D27171999002841A7 /* Example */,
			);
		};
/* End PBXProject section */

/* Begin PBXResourcesBuildPhase section */
		F1895F5C27171999002841A7 /* Resources */ = {
			isa = PBXResourcesBuildPhase;
			buildActionMask = 2147483647;
			files = (
				F1895F692717199C002841A7 /* Preview Assets.xcassets in Resources */,
				F1895F662717199C002841A7 /* Assets.xcassets in Resources */,
			);
			runOnlyForDeploymentPostprocessing = 0;
		};
/* End PBXResourcesBuildPhase section */

/* Begin PBXSourcesBuildPhase section */
		F1895F5A27171999002841A7 /* Sources */ = {
			isa = PBXSourcesBuildPhase;
			buildActionMask = 2147483647;
			files = (
				F1895F6427171999002841A7 /* ContentView.swift in Sources */,
				F138604A271EF6FB00C8E096 /* RadiusView.swift in Sources */,
				F1895F7827185F08002841A7 /* Components.swift in Sources */,
				F138607D2731F9BB00C8E096 /* SectionType.swift in Sources */,
				F1895F8227187007002841A7 /* SpacingView.swift in Sources */,
				F13860812732023E00C8E096 /* OverlaysSection.swift in Sources */,
				F1386088273208C500C8E096 /* ButtonPrimaryExample.swift in Sources */,
				F1895F6227171999002841A7 /* ExampleApp.swift in Sources */,
				F138607A2731F91500C8E096 /* Sections.swift in Sources */,
				F1895F7A271861F6002841A7 /* ListHeader.swift in Sources */,
				5E064EBD2728538900508B96 /* ColorsModel.swift in Sources */,
				5E42059E2720F90300D7BCEF /* ColorsView.swift in Sources */,
				F1895F75271724DD002841A7 /* ComponentRow.swift in Sources */,
				F138607F2732020000C8E096 /* TokensSection.swift in Sources */,
				F1386085273206C300C8E096 /* ButtonsSection.swift in Sources */,
			);
			runOnlyForDeploymentPostprocessing = 0;
		};
/* End PBXSourcesBuildPhase section */

/* Begin XCBuildConfiguration section */
		F1895F6B2717199C002841A7 /* Debug */ = {
			isa = XCBuildConfiguration;
			buildSettings = {
				ALWAYS_SEARCH_USER_PATHS = NO;
				CLANG_ANALYZER_NONNULL = YES;
				CLANG_ANALYZER_NUMBER_OBJECT_CONVERSION = YES_AGGRESSIVE;
				CLANG_CXX_LANGUAGE_STANDARD = "gnu++14";
				CLANG_CXX_LIBRARY = "libc++";
				CLANG_ENABLE_MODULES = YES;
				CLANG_ENABLE_OBJC_ARC = YES;
				CLANG_ENABLE_OBJC_WEAK = YES;
				CLANG_WARN_BLOCK_CAPTURE_AUTORELEASING = YES;
				CLANG_WARN_BOOL_CONVERSION = YES;
				CLANG_WARN_COMMA = YES;
				CLANG_WARN_CONSTANT_CONVERSION = YES;
				CLANG_WARN_DEPRECATED_OBJC_IMPLEMENTATIONS = YES;
				CLANG_WARN_DIRECT_OBJC_ISA_USAGE = YES_ERROR;
				CLANG_WARN_DOCUMENTATION_COMMENTS = YES;
				CLANG_WARN_EMPTY_BODY = YES;
				CLANG_WARN_ENUM_CONVERSION = YES;
				CLANG_WARN_INFINITE_RECURSION = YES;
				CLANG_WARN_INT_CONVERSION = YES;
				CLANG_WARN_NON_LITERAL_NULL_CONVERSION = YES;
				CLANG_WARN_OBJC_IMPLICIT_RETAIN_SELF = YES;
				CLANG_WARN_OBJC_LITERAL_CONVERSION = YES;
				CLANG_WARN_OBJC_ROOT_CLASS = YES_ERROR;
				CLANG_WARN_QUOTED_INCLUDE_IN_FRAMEWORK_HEADER = YES;
				CLANG_WARN_RANGE_LOOP_ANALYSIS = YES;
				CLANG_WARN_STRICT_PROTOTYPES = YES;
				CLANG_WARN_SUSPICIOUS_MOVE = YES;
				CLANG_WARN_UNGUARDED_AVAILABILITY = YES_AGGRESSIVE;
				CLANG_WARN_UNREACHABLE_CODE = YES;
				CLANG_WARN__DUPLICATE_METHOD_MATCH = YES;
				COPY_PHASE_STRIP = NO;
				DEBUG_INFORMATION_FORMAT = dwarf;
				ENABLE_STRICT_OBJC_MSGSEND = YES;
				ENABLE_TESTABILITY = YES;
				GCC_C_LANGUAGE_STANDARD = gnu11;
				GCC_DYNAMIC_NO_PIC = NO;
				GCC_NO_COMMON_BLOCKS = YES;
				GCC_OPTIMIZATION_LEVEL = 0;
				GCC_PREPROCESSOR_DEFINITIONS = (
					"DEBUG=1",
					"$(inherited)",
				);
				GCC_WARN_64_TO_32_BIT_CONVERSION = YES;
				GCC_WARN_ABOUT_RETURN_TYPE = YES_ERROR;
				GCC_WARN_UNDECLARED_SELECTOR = YES;
				GCC_WARN_UNINITIALIZED_AUTOS = YES_AGGRESSIVE;
				GCC_WARN_UNUSED_FUNCTION = YES;
				GCC_WARN_UNUSED_VARIABLE = YES;
				IPHONEOS_DEPLOYMENT_TARGET = 14.5;
				MTL_ENABLE_DEBUG_INFO = INCLUDE_SOURCE;
				MTL_FAST_MATH = YES;
				ONLY_ACTIVE_ARCH = YES;
				SDKROOT = iphoneos;
				SWIFT_ACTIVE_COMPILATION_CONDITIONS = DEBUG;
				SWIFT_OPTIMIZATION_LEVEL = "-Onone";
			};
			name = Debug;
		};
		F1895F6C2717199C002841A7 /* Release */ = {
			isa = XCBuildConfiguration;
			buildSettings = {
				ALWAYS_SEARCH_USER_PATHS = NO;
				CLANG_ANALYZER_NONNULL = YES;
				CLANG_ANALYZER_NUMBER_OBJECT_CONVERSION = YES_AGGRESSIVE;
				CLANG_CXX_LANGUAGE_STANDARD = "gnu++14";
				CLANG_CXX_LIBRARY = "libc++";
				CLANG_ENABLE_MODULES = YES;
				CLANG_ENABLE_OBJC_ARC = YES;
				CLANG_ENABLE_OBJC_WEAK = YES;
				CLANG_WARN_BLOCK_CAPTURE_AUTORELEASING = YES;
				CLANG_WARN_BOOL_CONVERSION = YES;
				CLANG_WARN_COMMA = YES;
				CLANG_WARN_CONSTANT_CONVERSION = YES;
				CLANG_WARN_DEPRECATED_OBJC_IMPLEMENTATIONS = YES;
				CLANG_WARN_DIRECT_OBJC_ISA_USAGE = YES_ERROR;
				CLANG_WARN_DOCUMENTATION_COMMENTS = YES;
				CLANG_WARN_EMPTY_BODY = YES;
				CLANG_WARN_ENUM_CONVERSION = YES;
				CLANG_WARN_INFINITE_RECURSION = YES;
				CLANG_WARN_INT_CONVERSION = YES;
				CLANG_WARN_NON_LITERAL_NULL_CONVERSION = YES;
				CLANG_WARN_OBJC_IMPLICIT_RETAIN_SELF = YES;
				CLANG_WARN_OBJC_LITERAL_CONVERSION = YES;
				CLANG_WARN_OBJC_ROOT_CLASS = YES_ERROR;
				CLANG_WARN_QUOTED_INCLUDE_IN_FRAMEWORK_HEADER = YES;
				CLANG_WARN_RANGE_LOOP_ANALYSIS = YES;
				CLANG_WARN_STRICT_PROTOTYPES = YES;
				CLANG_WARN_SUSPICIOUS_MOVE = YES;
				CLANG_WARN_UNGUARDED_AVAILABILITY = YES_AGGRESSIVE;
				CLANG_WARN_UNREACHABLE_CODE = YES;
				CLANG_WARN__DUPLICATE_METHOD_MATCH = YES;
				COPY_PHASE_STRIP = NO;
				DEBUG_INFORMATION_FORMAT = "dwarf-with-dsym";
				ENABLE_NS_ASSERTIONS = NO;
				ENABLE_STRICT_OBJC_MSGSEND = YES;
				GCC_C_LANGUAGE_STANDARD = gnu11;
				GCC_NO_COMMON_BLOCKS = YES;
				GCC_WARN_64_TO_32_BIT_CONVERSION = YES;
				GCC_WARN_ABOUT_RETURN_TYPE = YES_ERROR;
				GCC_WARN_UNDECLARED_SELECTOR = YES;
				GCC_WARN_UNINITIALIZED_AUTOS = YES_AGGRESSIVE;
				GCC_WARN_UNUSED_FUNCTION = YES;
				GCC_WARN_UNUSED_VARIABLE = YES;
				IPHONEOS_DEPLOYMENT_TARGET = 14.5;
				MTL_ENABLE_DEBUG_INFO = NO;
				MTL_FAST_MATH = YES;
				SDKROOT = iphoneos;
				SWIFT_COMPILATION_MODE = wholemodule;
				SWIFT_OPTIMIZATION_LEVEL = "-O";
				VALIDATE_PRODUCT = YES;
			};
			name = Release;
		};
		F1895F6E2717199C002841A7 /* Debug */ = {
			isa = XCBuildConfiguration;
			buildSettings = {
				ASSETCATALOG_COMPILER_APPICON_NAME = AppIcon;
				ASSETCATALOG_COMPILER_GLOBAL_ACCENT_COLOR_NAME = AccentColor;
				CODE_SIGN_STYLE = Automatic;
				DEVELOPMENT_ASSET_PATHS = "\"Example/Preview Content\"";
				DEVELOPMENT_TEAM = 9WAUZV94CS;
				ENABLE_PREVIEWS = YES;
				INFOPLIST_FILE = Example/Info.plist;
				IPHONEOS_DEPLOYMENT_TARGET = 14.0;
				LD_RUNPATH_SEARCH_PATHS = (
					"$(inherited)",
					"@executable_path/Frameworks",
				);
				PRODUCT_BUNDLE_IDENTIFIER = com.gustavo.anjos.Example;
				PRODUCT_NAME = "$(TARGET_NAME)";
				SWIFT_VERSION = 5.0;
				TARGETED_DEVICE_FAMILY = "1,2";
			};
			name = Debug;
		};
		F1895F6F2717199C002841A7 /* Release */ = {
			isa = XCBuildConfiguration;
			buildSettings = {
				ASSETCATALOG_COMPILER_APPICON_NAME = AppIcon;
				ASSETCATALOG_COMPILER_GLOBAL_ACCENT_COLOR_NAME = AccentColor;
				CODE_SIGN_STYLE = Automatic;
				DEVELOPMENT_ASSET_PATHS = "\"Example/Preview Content\"";
				DEVELOPMENT_TEAM = 9WAUZV94CS;
				ENABLE_PREVIEWS = YES;
				INFOPLIST_FILE = Example/Info.plist;
				IPHONEOS_DEPLOYMENT_TARGET = 14.0;
				LD_RUNPATH_SEARCH_PATHS = (
					"$(inherited)",
					"@executable_path/Frameworks",
				);
				PRODUCT_BUNDLE_IDENTIFIER = com.gustavo.anjos.Example;
				PRODUCT_NAME = "$(TARGET_NAME)";
				SWIFT_VERSION = 5.0;
				TARGETED_DEVICE_FAMILY = "1,2";
			};
			name = Release;
		};
/* End XCBuildConfiguration section */

/* Begin XCConfigurationList section */
		F1895F5927171999002841A7 /* Build configuration list for PBXProject "Example" */ = {
			isa = XCConfigurationList;
			buildConfigurations = (
				F1895F6B2717199C002841A7 /* Debug */,
				F1895F6C2717199C002841A7 /* Release */,
			);
			defaultConfigurationIsVisible = 0;
			defaultConfigurationName = Release;
		};
		F1895F6D2717199C002841A7 /* Build configuration list for PBXNativeTarget "Example" */ = {
			isa = XCConfigurationList;
			buildConfigurations = (
				F1895F6E2717199C002841A7 /* Debug */,
				F1895F6F2717199C002841A7 /* Release */,
			);
			defaultConfigurationIsVisible = 0;
			defaultConfigurationName = Release;
		};
/* End XCConfigurationList section */

/* Begin XCRemoteSwiftPackageReference section */
		5E56980B2723191600319A72 /* XCRemoteSwiftPackageReference "Plani_DS" */ = {
			isa = XCRemoteSwiftPackageReference;
			repositoryURL = "https://github.com/Gustavo-Gabriel/Plani_DS/";
			requirement = {
				branch = master;
				kind = branch;
			};
		};
/* End XCRemoteSwiftPackageReference section */

/* Begin XCSwiftPackageProductDependency section */
		5E56980C2723191600319A72 /* Plani_DS */ = {
			isa = XCSwiftPackageProductDependency;
			package = 5E56980B2723191600319A72 /* XCRemoteSwiftPackageReference "Plani_DS" */;
			productName = Plani_DS;
		};
		F1895F7127171BD3002841A7 /* Plani_DS */ = {
			isa = XCSwiftPackageProductDependency;
			productName = Plani_DS;
		};
/* End XCSwiftPackageProductDependency section */
	};
	rootObject = F1895F5627171999002841A7 /* Project object */;
}
